
Microsoft Visual Studio Solution File, Format Version 12.00
# Visual Studio Version 17
VisualStudioVersion = 17.13.35806.99 d17.13
MinimumVisualStudioVersion = 10.0.40219.1
Project("{FAE04EC0-301F-11D3-BF4B-00C04F79EFBC}") = "CalendarExample", "CalendarExample.csproj", "{F9FE594A-7D53-4358-8CE1-96DAAFD121DB}"
EndProject
Global
	GlobalSection(SolutionConfigurationPlatforms) = preSolution
		Debug|Any CPU = Debug|Any CPU
		Release|Any CPU = Release|Any CPU
	EndGlobalSection
	GlobalSection(ProjectConfigurationPlatforms) = postSolution
		{F9FE594A-7D53-4358-8CE1-96DAAFD121DB}.Debug|Any CPU.ActiveCfg = Debug|Any CPU
		{F9FE594A-7D53-4358-8CE1-96DAAFD121DB}.Debug|Any CPU.Build.0 = Debug|Any CPU
		{F9FE594A-7D53-4358-8CE1-96DAAFD121DB}.Release|Any CPU.ActiveCfg = Release|Any CPU
		{F9FE594A-7D53-4358-8CE1-96DAAFD121DB}.Release|Any CPU.Build.0 = Release|Any CPU
	EndGlobalSection
	GlobalSection(SolutionProperties) = preSolution
		HideSolutionNode = FALSE
	EndGlobalSection
	GlobalSection(ExtensibilityGlobals) = postSolution
		SolutionGuid = {18909E82-6EA1-49BC-B1AC-8944956106DC}
	EndGlobalSection
EndGlobal
